// !$*UTF8*$!
{
	archiveVersion = 1;
	classes = {
	};
	objectVersion = 48;
	objects = {

/* Begin PBXBuildFile section */
		4C875059225F499900F17A7B /* AppDelegate.swift in Sources */ = {isa = PBXBuildFile; fileRef = 4C875058225F499900F17A7B /* AppDelegate.swift */; };
		4C87505B225F499900F17A7B /* ViewController.swift in Sources */ = {isa = PBXBuildFile; fileRef = 4C87505A225F499900F17A7B /* ViewController.swift */; };
		4C87505E225F499900F17A7B /* Main.storyboard in Resources */ = {isa = PBXBuildFile; fileRef = 4C87505C225F499900F17A7B /* Main.storyboard */; };
		4C875061225F499900F17A7B /* AlertApp.xcdatamodeld in Sources */ = {isa = PBXBuildFile; fileRef = 4C87505F225F499900F17A7B /* AlertApp.xcdatamodeld */; };
		4C875063225F499900F17A7B /* Assets.xcassets in Resources */ = {isa = PBXBuildFile; fileRef = 4C875062225F499900F17A7B /* Assets.xcassets */; };
		4C875066225F499900F17A7B /* LaunchScreen.storyboard in Resources */ = {isa = PBXBuildFile; fileRef = 4C875064225F499900F17A7B /* LaunchScreen.storyboard */; };
		4C875071225F499900F17A7B /* AlertAppTests.swift in Sources */ = {isa = PBXBuildFile; fileRef = 4C875070225F499900F17A7B /* AlertAppTests.swift */; };
		4C87507C225F499900F17A7B /* AlertAppUITests.swift in Sources */ = {isa = PBXBuildFile; fileRef = 4C87507B225F499900F17A7B /* AlertAppUITests.swift */; };
/* End PBXBuildFile section */

/* Begin PBXContainerItemProxy section */
		4C87506D225F499900F17A7B /* PBXContainerItemProxy */ = {
			isa = PBXContainerItemProxy;
			containerPortal = 4C87504D225F499900F17A7B /* Project object */;
			proxyType = 1;
			remoteGlobalIDString = 4C875054225F499900F17A7B;
			remoteInfo = AlertApp;
		};
		4C875078225F499900F17A7B /* PBXContainerItemProxy */ = {
			isa = PBXContainerItemProxy;
			containerPortal = 4C87504D225F499900F17A7B /* Project object */;
			proxyType = 1;
			remoteGlobalIDString = 4C875054225F499900F17A7B;
			remoteInfo = AlertApp;
		};
/* End PBXContainerItemProxy section */

/* Begin PBXFileReference section */
		4C875055225F499900F17A7B /* AlertApp.app */ = {isa = PBXFileReference; explicitFileType = wrapper.application; includeInIndex = 0; path = AlertApp.app; sourceTree = BUILT_PRODUCTS_DIR; };
		4C875058225F499900F17A7B /* AppDelegate.swift */ = {isa = PBXFileReference; lastKnownFileType = sourcecode.swift; path = AppDelegate.swift; sourceTree = "<group>"; };
		4C87505A225F499900F17A7B /* ViewController.swift */ = {isa = PBXFileReference; lastKnownFileType = sourcecode.swift; path = ViewController.swift; sourceTree = "<group>"; };
		4C87505D225F499900F17A7B /* Base */ = {isa = PBXFileReference; lastKnownFileType = file.storyboard; name = Base; path = Base.lproj/Main.storyboard; sourceTree = "<group>"; };
		4C875060225F499900F17A7B /* AlertApp.xcdatamodel */ = {isa = PBXFileReference; lastKnownFileType = wrapper.xcdatamodel; path = AlertApp.xcdatamodel; sourceTree = "<group>"; };
		4C875062225F499900F17A7B /* Assets.xcassets */ = {isa = PBXFileReference; lastKnownFileType = folder.assetcatalog; path = Assets.xcassets; sourceTree = "<group>"; };
		4C875065225F499900F17A7B /* Base */ = {isa = PBXFileReference; lastKnownFileType = file.storyboard; name = Base; path = Base.lproj/LaunchScreen.storyboard; sourceTree = "<group>"; };
		4C875067225F499900F17A7B /* Info.plist */ = {isa = PBXFileReference; lastKnownFileType = text.plist.xml; path = Info.plist; sourceTree = "<group>"; };
		4C87506C225F499900F17A7B /* AlertAppTests.xctest */ = {isa = PBXFileReference; explicitFileType = wrapper.cfbundle; includeInIndex = 0; path = AlertAppTests.xctest; sourceTree = BUILT_PRODUCTS_DIR; };
		4C875070225F499900F17A7B /* AlertAppTests.swift */ = {isa = PBXFileReference; lastKnownFileType = sourcecode.swift; path = AlertAppTests.swift; sourceTree = "<group>"; };
		4C875072225F499900F17A7B /* Info.plist */ = {isa = PBXFileReference; lastKnownFileType = text.plist.xml; path = Info.plist; sourceTree = "<group>"; };
		4C875077225F499900F17A7B /* AlertAppUITests.xctest */ = {isa = PBXFileReference; explicitFileType = wrapper.cfbundle; includeInIndex = 0; path = AlertAppUITests.xctest; sourceTree = BUILT_PRODUCTS_DIR; };
		4C87507B225F499900F17A7B /* AlertAppUITests.swift */ = {isa = PBXFileReference; lastKnownFileType = sourcecode.swift; path = AlertAppUITests.swift; sourceTree = "<group>"; };
		4C87507D225F499900F17A7B /* Info.plist */ = {isa = PBXFileReference; lastKnownFileType = text.plist.xml; path = Info.plist; sourceTree = "<group>"; };
/* End PBXFileReference section */

/* Begin PBXFrameworksBuildPhase section */
		4C875052225F499900F17A7B /* Frameworks */ = {
			isa = PBXFrameworksBuildPhase;
			buildActionMask = 2147483647;
			files = (
			);
			runOnlyForDeploymentPostprocessing = 0;
		};
		4C875069225F499900F17A7B /* Frameworks */ = {
			isa = PBXFrameworksBuildPhase;
			buildActionMask = 2147483647;
			files = (
			);
			runOnlyForDeploymentPostprocessing = 0;
		};
		4C875074225F499900F17A7B /* Frameworks */ = {
			isa = PBXFrameworksBuildPhase;
			buildActionMask = 2147483647;
			files = (
			);
			runOnlyForDeploymentPostprocessing = 0;
		};
/* End PBXFrameworksBuildPhase section */

/* Begin PBXGroup section */
		4C87504C225F499900F17A7B = {
			isa = PBXGroup;
			children = (
				4C875057225F499900F17A7B /* AlertApp */,
				4C87506F225F499900F17A7B /* AlertAppTests */,
				4C87507A225F499900F17A7B /* AlertAppUITests */,
				4C875056225F499900F17A7B /* Products */,
			);
			sourceTree = "<group>";
		};
		4C875056225F499900F17A7B /* Products */ = {
			isa = PBXGroup;
			children = (
				4C875055225F499900F17A7B /* AlertApp.app */,
				4C87506C225F499900F17A7B /* AlertAppTests.xctest */,
				4C875077225F499900F17A7B /* AlertAppUITests.xctest */,
			);
			name = Products;
			sourceTree = "<group>";
		};
		4C875057225F499900F17A7B /* AlertApp */ = {
			isa = PBXGroup;
			children = (
				4C875058225F499900F17A7B /* AppDelegate.swift */,
				4C87505A225F499900F17A7B /* ViewController.swift */,
				4C87505C225F499900F17A7B /* Main.storyboard */,
				4C875062225F499900F17A7B /* Assets.xcassets */,
				4C875064225F499900F17A7B /* LaunchScreen.storyboard */,
				4C875067225F499900F17A7B /* Info.plist */,
				4C87505F225F499900F17A7B /* AlertApp.xcdatamodeld */,
			);
			path = AlertApp;
			sourceTree = "<group>";
		};
		4C87506F225F499900F17A7B /* AlertAppTests */ = {
			isa = PBXGroup;
			children = (
				4C875070225F499900F17A7B /* AlertAppTests.swift */,
				4C875072225F499900F17A7B /* Info.plist */,
			);
			path = AlertAppTests;
			sourceTree = "<group>";
		};
		4C87507A225F499900F17A7B /* AlertAppUITests */ = {
			isa = PBXGroup;
			children = (
				4C87507B225F499900F17A7B /* AlertAppUITests.swift */,
				4C87507D225F499900F17A7B /* Info.plist */,
			);
			path = AlertAppUITests;
			sourceTree = "<group>";
		};
/* End PBXGroup section */

/* Begin PBXNativeTarget section */
		4C875054225F499900F17A7B /* AlertApp */ = {
			isa = PBXNativeTarget;
			buildConfigurationList = 4C875080225F499900F17A7B /* Build configuration list for PBXNativeTarget "AlertApp" */;
			buildPhases = (
				4C875051225F499900F17A7B /* Sources */,
				4C875052225F499900F17A7B /* Frameworks */,
				4C875053225F499900F17A7B /* Resources */,
			);
			buildRules = (
			);
			dependencies = (
			);
			name = AlertApp;
			productName = AlertApp;
			productReference = 4C875055225F499900F17A7B /* AlertApp.app */;
			productType = "com.apple.product-type.application";
		};
		4C87506B225F499900F17A7B /* AlertAppTests */ = {
			isa = PBXNativeTarget;
			buildConfigurationList = 4C875083225F499900F17A7B /* Build configuration list for PBXNativeTarget "AlertAppTests" */;
			buildPhases = (
				4C875068225F499900F17A7B /* Sources */,
				4C875069225F499900F17A7B /* Frameworks */,
				4C87506A225F499900F17A7B /* Resources */,
			);
			buildRules = (
			);
			dependencies = (
				4C87506E225F499900F17A7B /* PBXTargetDependency */,
			);
			name = AlertAppTests;
			productName = AlertAppTests;
			productReference = 4C87506C225F499900F17A7B /* AlertAppTests.xctest */;
			productType = "com.apple.product-type.bundle.unit-test";
		};
		4C875076225F499900F17A7B /* AlertAppUITests */ = {
			isa = PBXNativeTarget;
			buildConfigurationList = 4C875086225F499900F17A7B /* Build configuration list for PBXNativeTarget "AlertAppUITests" */;
			buildPhases = (
				4C875073225F499900F17A7B /* Sources */,
				4C875074225F499900F17A7B /* Frameworks */,
				4C875075225F499900F17A7B /* Resources */,
			);
			buildRules = (
			);
			dependencies = (
				4C875079225F499900F17A7B /* PBXTargetDependency */,
			);
			name = AlertAppUITests;
			productName = AlertAppUITests;
			productReference = 4C875077225F499900F17A7B /* AlertAppUITests.xctest */;
			productType = "com.apple.product-type.bundle.ui-testing";
		};
/* End PBXNativeTarget section */

/* Begin PBXProject section */
		4C87504D225F499900F17A7B /* Project object */ = {
			isa = PBXProject;
			attributes = {
				LastSwiftUpdateCheck = 0920;
				LastUpgradeCheck = 0920;
				ORGANIZATIONNAME = "Akash Bhavsar";
				TargetAttributes = {
					4C875054225F499900F17A7B = {
						CreatedOnToolsVersion = 9.2;
						ProvisioningStyle = Automatic;
					};
					4C87506B225F499900F17A7B = {
						CreatedOnToolsVersion = 9.2;
						ProvisioningStyle = Automatic;
						TestTargetID = 4C875054225F499900F17A7B;
					};
					4C875076225F499900F17A7B = {
						CreatedOnToolsVersion = 9.2;
						ProvisioningStyle = Automatic;
						TestTargetID = 4C875054225F499900F17A7B;
					};
				};
			};
			buildConfigurationList = 4C875050225F499900F17A7B /* Build configuration list for PBXProject "AlertApp" */;
			compatibilityVersion = "Xcode 8.0";
			developmentRegion = en;
			hasScannedForEncodings = 0;
			knownRegions = (
				en,
				Base,
			);
			mainGroup = 4C87504C225F499900F17A7B;
			productRefGroup = 4C875056225F499900F17A7B /* Products */;
			projectDirPath = "";
			projectRoot = "";
			targets = (
				4C875054225F499900F17A7B /* AlertApp */,
				4C87506B225F499900F17A7B /* AlertAppTests */,
				4C875076225F499900F17A7B /* AlertAppUITests */,
			);
		};
/* End PBXProject section */

/* Begin PBXResourcesBuildPhase section */
		4C875053225F499900F17A7B /* Resources */ = {
			isa = PBXResourcesBuildPhase;
			buildActionMask = 2147483647;
			files = (
				4C875066225F499900F17A7B /* LaunchScreen.storyboard in Resources */,
				4C875063225F499900F17A7B /* Assets.xcassets in Resources */,
				4C87505E225F499900F17A7B /* Main.storyboard in Resources */,
			);
			runOnlyForDeploymentPostprocessing = 0;
		};
		4C87506A225F499900F17A7B /* Resources */ = {
			isa = PBXResourcesBuildPhase;
			buildActionMask = 2147483647;
			files = (
			);
			runOnlyForDeploymentPostprocessing = 0;
		};
		4C875075225F499900F17A7B /* Resources */ = {
			isa = PBXResourcesBuildPhase;
			buildActionMask = 2147483647;
			files = (
			);
			runOnlyForDeploymentPostprocessing = 0;
		};
/* End PBXResourcesBuildPhase section */

/* Begin PBXSourcesBuildPhase section */
		4C875051225F499900F17A7B /* Sources */ = {
			isa = PBXSourcesBuildPhase;
			buildActionMask = 2147483647;
			files = (
				4C87505B225F499900F17A7B /* ViewController.swift in Sources */,
				4C875061225F499900F17A7B /* AlertApp.xcdatamodeld in Sources */,
				4C875059225F499900F17A7B /* AppDelegate.swift in Sources */,
			);
			runOnlyForDeploymentPostprocessing = 0;
		};
		4C875068225F499900F17A7B /* Sources */ = {
			isa = PBXSourcesBuildPhase;
			buildActionMask = 2147483647;
			files = (
				4C875071225F499900F17A7B /* AlertAppTests.swift in Sources */,
			);
			runOnlyForDeploymentPostprocessing = 0;
		};
		4C875073225F499900F17A7B /* Sources */ = {
			isa = PBXSourcesBuildPhase;
			buildActionMask = 2147483647;
			files = (
				4C87507C225F499900F17A7B /* AlertAppUITests.swift in Sources */,
			);
			runOnlyForDeploymentPostprocessing = 0;
		};
/* End PBXSourcesBuildPhase section */

/* Begin PBXTargetDependency section */
		4C87506E225F499900F17A7B /* PBXTargetDependency */ = {
			isa = PBXTargetDependency;
			target = 4C875054225F499900F17A7B /* AlertApp */;
			targetProxy = 4C87506D225F499900F17A7B /* PBXContainerItemProxy */;
		};
		4C875079225F499900F17A7B /* PBXTargetDependency */ = {
			isa = PBXTargetDependency;
			target = 4C875054225F499900F17A7B /* AlertApp */;
			targetProxy = 4C875078225F499900F17A7B /* PBXContainerItemProxy */;
		};
/* End PBXTargetDependency section */

/* Begin PBXVariantGroup section */
		4C87505C225F499900F17A7B /* Main.storyboard */ = {
			isa = PBXVariantGroup;
			children = (
				4C87505D225F499900F17A7B /* Base */,
			);
			name = Main.storyboard;
			sourceTree = "<group>";
		};
		4C875064225F499900F17A7B /* LaunchScreen.storyboard */ = {
			isa = PBXVariantGroup;
			children = (
				4C875065225F499900F17A7B /* Base */,
			);
			name = LaunchScreen.storyboard;
			sourceTree = "<group>";
		};
/* End PBXVariantGroup section */

/* Begin XCBuildConfiguration section */
		4C87507E225F499900F17A7B /* Debug */ = {
			isa = XCBuildConfiguration;
			buildSettings = {
				ALWAYS_SEARCH_USER_PATHS = NO;
				CLANG_ANALYZER_NONNULL = YES;
				CLANG_ANALYZER_NUMBER_OBJECT_CONVERSION = YES_AGGRESSIVE;
				CLANG_CXX_LANGUAGE_STANDARD = "gnu++14";
				CLANG_CXX_LIBRARY = "libc++";
				CLANG_ENABLE_MODULES = YES;
				CLANG_ENABLE_OBJC_ARC = YES;
				CLANG_WARN_BLOCK_CAPTURE_AUTORELEASING = YES;
				CLANG_WARN_BOOL_CONVERSION = YES;
				CLANG_WARN_COMMA = YES;
				CLANG_WARN_CONSTANT_CONVERSION = YES;
				CLANG_WARN_DIRECT_OBJC_ISA_USAGE = YES_ERROR;
				CLANG_WARN_DOCUMENTATION_COMMENTS = YES;
				CLANG_WARN_EMPTY_BODY = YES;
				CLANG_WARN_ENUM_CONVERSION = YES;
				CLANG_WARN_INFINITE_RECURSION = YES;
				CLANG_WARN_INT_CONVERSION = YES;
				CLANG_WARN_NON_LITERAL_NULL_CONVERSION = YES;
				CLANG_WARN_OBJC_LITERAL_CONVERSION = YES;
				CLANG_WARN_OBJC_ROOT_CLASS = YES_ERROR;
				CLANG_WARN_RANGE_LOOP_ANALYSIS = YES;
				CLANG_WARN_STRICT_PROTOTYPES = YES;
				CLANG_WARN_SUSPICIOUS_MOVE = YES;
				CLANG_WARN_UNGUARDED_AVAILABILITY = YES_AGGRESSIVE;
				CLANG_WARN_UNREACHABLE_CODE = YES;
				CLANG_WARN__DUPLICATE_METHOD_MATCH = YES;
				CODE_SIGN_IDENTITY = "iPhone Developer";
				COPY_PHASE_STRIP = NO;
				DEBUG_INFORMATION_FORMAT = dwarf;
				ENABLE_STRICT_OBJC_MSGSEND = YES;
				ENABLE_TESTABILITY = YES;
				GCC_C_LANGUAGE_STANDARD = gnu11;
				GCC_DYNAMIC_NO_PIC = NO;
				GCC_NO_COMMON_BLOCKS = YES;
				GCC_OPTIMIZATION_LEVEL = 0;
				GCC_PREPROCESSOR_DEFINITIONS = (
					"DEBUG=1",
					"$(inherited)",
				);
				GCC_WARN_64_TO_32_BIT_CONVERSION = YES;
				GCC_WARN_ABOUT_RETURN_TYPE = YES_ERROR;
				GCC_WARN_UNDECLARED_SELECTOR = YES;
				GCC_WARN_UNINITIALIZED_AUTOS = YES_AGGRESSIVE;
				GCC_WARN_UNUSED_FUNCTION = YES;
				GCC_WARN_UNUSED_VARIABLE = YES;
				IPHONEOS_DEPLOYMENT_TARGET = 11.2;
				MTL_ENABLE_DEBUG_INFO = YES;
				ONLY_ACTIVE_ARCH = YES;
				SDKROOT = iphoneos;
				SWIFT_ACTIVE_COMPILATION_CONDITIONS = DEBUG;
				SWIFT_OPTIMIZATION_LEVEL = "-Onone";
			};
			name = Debug;
		};
		4C87507F225F499900F17A7B /* Release */ = {
			isa = XCBuildConfiguration;
			buildSettings = {
				ALWAYS_SEARCH_USER_PATHS = NO;
				CLANG_ANALYZER_NONNULL = YES;
				CLANG_ANALYZER_NUMBER_OBJECT_CONVERSION = YES_AGGRESSIVE;
				CLANG_CXX_LANGUAGE_STANDARD = "gnu++14";
				CLANG_CXX_LIBRARY = "libc++";
				CLANG_ENABLE_MODULES = YES;
				CLANG_ENABLE_OBJC_ARC = YES;
				CLANG_WARN_BLOCK_CAPTURE_AUTORELEASING = YES;
				CLANG_WARN_BOOL_CONVERSION = YES;
				CLANG_WARN_COMMA = YES;
				CLANG_WARN_CONSTANT_CONVERSION = YES;
				CLANG_WARN_DIRECT_OBJC_ISA_USAGE = YES_ERROR;
				CLANG_WARN_DOCUMENTATION_COMMENTS = YES;
				CLANG_WARN_EMPTY_BODY = YES;
				CLANG_WARN_ENUM_CONVERSION = YES;
				CLANG_WARN_INFINITE_RECURSION = YES;
				CLANG_WARN_INT_CONVERSION = YES;
				CLANG_WARN_NON_LITERAL_NULL_CONVERSION = YES;
				CLANG_WARN_OBJC_LITERAL_CONVERSION = YES;
				CLANG_WARN_OBJC_ROOT_CLASS = YES_ERROR;
				CLANG_WARN_RANGE_LOOP_ANALYSIS = YES;
				CLANG_WARN_STRICT_PROTOTYPES = YES;
				CLANG_WARN_SUSPICIOUS_MOVE = YES;
				CLANG_WARN_UNGUARDED_AVAILABILITY = YES_AGGRESSIVE;
				CLANG_WARN_UNREACHABLE_CODE = YES;
				CLANG_WARN__DUPLICATE_METHOD_MATCH = YES;
				CODE_SIGN_IDENTITY = "iPhone Developer";
				COPY_PHASE_STRIP = NO;
				DEBUG_INFORMATION_FORMAT = "dwarf-with-dsym";
				ENABLE_NS_ASSERTIONS = NO;
				ENABLE_STRICT_OBJC_MSGSEND = YES;
				GCC_C_LANGUAGE_STANDARD = gnu11;
				GCC_NO_COMMON_BLOCKS = YES;
				GCC_WARN_64_TO_32_BIT_CONVERSION = YES;
				GCC_WARN_ABOUT_RETURN_TYPE = YES_ERROR;
				GCC_WARN_UNDECLARED_SELECTOR = YES;
				GCC_WARN_UNINITIALIZED_AUTOS = YES_AGGRESSIVE;
				GCC_WARN_UNUSED_FUNCTION = YES;
				GCC_WARN_UNUSED_VARIABLE = YES;
				IPHONEOS_DEPLOYMENT_TARGET = 11.2;
				MTL_ENABLE_DEBUG_INFO = NO;
				SDKROOT = iphoneos;
				SWIFT_OPTIMIZATION_LEVEL = "-Owholemodule";
				VALIDATE_PRODUCT = YES;
			};
			name = Release;
		};
		4C875081225F499900F17A7B /* Debug */ = {
			isa = XCBuildConfiguration;
			buildSettings = {
				ASSETCATALOG_COMPILER_APPICON_NAME = AppIcon;
				CODE_SIGN_STYLE = Automatic;
				INFOPLIST_FILE = AlertApp/Info.plist;
				LD_RUNPATH_SEARCH_PATHS = "$(inherited) @executable_path/Frameworks";
				PRODUCT_BUNDLE_IDENTIFIER = noCompany.AlertApp;
				PRODUCT_NAME = "$(TARGET_NAME)";
				SWIFT_VERSION = 4.0;
				TARGETED_DEVICE_FAMILY = "1,2";
			};
			name = Debug;
		};
		4C875082225F499900F17A7B /* Release */ = {
			isa = XCBuildConfiguration;
			buildSettings = {
				ASSETCATALOG_COMPILER_APPICON_NAME = AppIcon;
				CODE_SIGN_STYLE = Automatic;
				INFOPLIST_FILE = AlertApp/Info.plist;
				LD_RUNPATH_SEARCH_PATHS = "$(inherited) @executable_path/Frameworks";
				PRODUCT_BUNDLE_IDENTIFIER = noCompany.AlertApp;
				PRODUCT_NAME = "$(TARGET_NAME)";
				SWIFT_VERSION = 4.0;
				TARGETED_DEVICE_FAMILY = "1,2";
			};
			name = Release;
		};
		4C875084225F499900F17A7B /* Debug */ = {
			isa = XCBuildConfiguration;
			buildSettings = {
				ALWAYS_EMBED_SWIFT_STANDARD_LIBRARIES = YES;
				BUNDLE_LOADER = "$(TEST_HOST)";
				CODE_SIGN_STYLE = Automatic;
				INFOPLIST_FILE = AlertAppTests/Info.plist;
				LD_RUNPATH_SEARCH_PATHS = "$(inherited) @executable_path/Frameworks @loader_path/Frameworks";
				PRODUCT_BUNDLE_IDENTIFIER = noCompany.AlertAppTests;
				PRODUCT_NAME = "$(TARGET_NAME)";
				SWIFT_VERSION = 4.0;
				TARGETED_DEVICE_FAMILY = "1,2";
				TEST_HOST = "$(BUILT_PRODUCTS_DIR)/AlertApp.app/AlertApp";
			};
			name = Debug;
		};
		4C875085225F499900F17A7B /* Release */ = {
			isa = XCBuildConfiguration;
			buildSettings = {
				ALWAYS_EMBED_SWIFT_STANDARD_LIBRARIES = YES;
				BUNDLE_LOADER = "$(TEST_HOST)";
				CODE_SIGN_STYLE = Automatic;
				INFOPLIST_FILE = AlertAppTests/Info.plist;
				LD_RUNPATH_SEARCH_PATHS = "$(inherited) @executable_path/Frameworks @loader_path/Frameworks";
				PRODUCT_BUNDLE_IDENTIFIER = noCompany.AlertAppTests;
				PRODUCT_NAME = "$(TARGET_NAME)";
				SWIFT_VERSION = 4.0;
				TARGETED_DEVICE_FAMILY = "1,2";
				TEST_HOST = "$(BUILT_PRODUCTS_DIR)/AlertApp.app/AlertApp";
			};
			name = Release;
		};
		4C875087225F499900F17A7B /* Debug */ = {
			isa = XCBuildConfiguration;
			buildSettings = {
				ALWAYS_EMBED_SWIFT_STANDARD_LIBRARIES = YES;
				CODE_SIGN_STYLE = Automatic;
				INFOPLIST_FILE = AlertAppUITests/Info.plist;
				LD_RUNPATH_SEARCH_PATHS = "$(inherited) @executable_path/Frameworks @loader_path/Frameworks";
				PRODUCT_BUNDLE_IDENTIFIER = noCompany.AlertAppUITests;
				PRODUCT_NAME = "$(TARGET_NAME)";
				SWIFT_VERSION = 4.0;
				TARGETED_DEVICE_FAMILY = "1,2";
				TEST_TARGET_NAME = AlertApp;
			};
			name = Debug;
		};
		4C875088225F499900F17A7B /* Release */ = {
			isa = XCBuildConfiguration;
			buildSettings = {
				ALWAYS_EMBED_SWIFT_STANDARD_LIBRARIES = YES;
				CODE_SIGN_STYLE = Automatic;
				INFOPLIST_FILE = AlertAppUITests/Info.plist;
				LD_RUNPATH_SEARCH_PATHS = "$(inherited) @executable_path/Frameworks @loader_path/Frameworks";
				PRODUCT_BUNDLE_IDENTIFIER = noCompany.AlertAppUITests;
				PRODUCT_NAME = "$(TARGET_NAME)";
				SWIFT_VERSION = 4.0;
				TARGETED_DEVICE_FAMILY = "1,2";
				TEST_TARGET_NAME = AlertApp;
			};
			name = Release;
		};
/* End XCBuildConfiguration section */

/* Begin XCConfigurationList section */
		4C875050225F499900F17A7B /* Build configuration list for PBXProject "AlertApp" */ = {
			isa = XCConfigurationList;
			buildConfigurations = (
				4C87507E225F499900F17A7B /* Debug */,
				4C87507F225F499900F17A7B /* Release */,
			);
			defaultConfigurationIsVisible = 0;
			defaultConfigurationName = Release;
		};
		4C875080225F499900F17A7B /* Build configuration list for PBXNativeTarget "AlertApp" */ = {
			isa = XCConfigurationList;
			buildConfigurations = (
				4C875081225F499900F17A7B /* Debug */,
				4C875082225F499900F17A7B /* Release */,
			);
			defaultConfigurationIsVisible = 0;
			defaultConfigurationName = Release;
		};
		4C875083225F499900F17A7B /* Build configuration list for PBXNativeTarget "AlertAppTests" */ = {
			isa = XCConfigurationList;
			buildConfigurations = (
				4C875084225F499900F17A7B /* Debug */,
				4C875085225F499900F17A7B /* Release */,
			);
			defaultConfigurationIsVisible = 0;
			defaultConfigurationName = Release;
		};
		4C875086225F499900F17A7B /* Build configuration list for PBXNativeTarget "AlertAppUITests" */ = {
			isa = XCConfigurationList;
			buildConfigurations = (
				4C875087225F499900F17A7B /* Debug */,
				4C875088225F499900F17A7B /* Release */,
			);
			defaultConfigurationIsVisible = 0;
			defaultConfigurationName = Release;
		};
/* End XCConfigurationList section */

/* Begin XCVersionGroup section */
		4C87505F225F499900F17A7B /* AlertApp.xcdatamodeld */ = {
			isa = XCVersionGroup;
			children = (
				4C875060225F499900F17A7B /* AlertApp.xcdatamodel */,
			);
			currentVersion = 4C875060225F499900F17A7B /* AlertApp.xcdatamodel */;
			path = AlertApp.xcdatamodeld;
			sourceTree = "<group>";
			versionGroupType = wrapper.xcdatamodel;
		};
/* End XCVersionGroup section */
	};
	rootObject = 4C87504D225F499900F17A7B /* Project object */;
}
