// !$*UTF8*$!
{
	archiveVersion = 1;
	classes = {
	};
	objectVersion = 48;
	objects = {

/* Begin PBXBuildFile section */
		4C03585F22687DA30056754D /* AppDelegate.swift in Sources */ = {isa = PBXBuildFile; fileRef = 4C03585E22687DA30056754D /* AppDelegate.swift */; };
		4C03586122687DA30056754D /* ViewController.swift in Sources */ = {isa = PBXBuildFile; fileRef = 4C03586022687DA30056754D /* ViewController.swift */; };
		4C03586422687DA30056754D /* Main.storyboard in Resources */ = {isa = PBXBuildFile; fileRef = 4C03586222687DA30056754D /* Main.storyboard */; };
		4C03586722687DA30056754D /* lab8.xcdatamodeld in Sources */ = {isa = PBXBuildFile; fileRef = 4C03586522687DA30056754D /* lab8.xcdatamodeld */; };
		4C03586922687DA30056754D /* Assets.xcassets in Resources */ = {isa = PBXBuildFile; fileRef = 4C03586822687DA30056754D /* Assets.xcassets */; };
		4C03586C22687DA30056754D /* LaunchScreen.storyboard in Resources */ = {isa = PBXBuildFile; fileRef = 4C03586A22687DA30056754D /* LaunchScreen.storyboard */; };
		4C03587722687DA30056754D /* lab8Tests.swift in Sources */ = {isa = PBXBuildFile; fileRef = 4C03587622687DA30056754D /* lab8Tests.swift */; };
		4C03588222687DA30056754D /* lab8UITests.swift in Sources */ = {isa = PBXBuildFile; fileRef = 4C03588122687DA30056754D /* lab8UITests.swift */; };
/* End PBXBuildFile section */

/* Begin PBXContainerItemProxy section */
		4C03587322687DA30056754D /* PBXContainerItemProxy */ = {
			isa = PBXContainerItemProxy;
			containerPortal = 4C03585322687DA30056754D /* Project object */;
			proxyType = 1;
			remoteGlobalIDString = 4C03585A22687DA30056754D;
			remoteInfo = lab8;
		};
		4C03587E22687DA30056754D /* PBXContainerItemProxy */ = {
			isa = PBXContainerItemProxy;
			containerPortal = 4C03585322687DA30056754D /* Project object */;
			proxyType = 1;
			remoteGlobalIDString = 4C03585A22687DA30056754D;
			remoteInfo = lab8;
		};
/* End PBXContainerItemProxy section */

/* Begin PBXFileReference section */
		4C03585B22687DA30056754D /* lab8.app */ = {isa = PBXFileReference; explicitFileType = wrapper.application; includeInIndex = 0; path = lab8.app; sourceTree = BUILT_PRODUCTS_DIR; };
		4C03585E22687DA30056754D /* AppDelegate.swift */ = {isa = PBXFileReference; lastKnownFileType = sourcecode.swift; path = AppDelegate.swift; sourceTree = "<group>"; };
		4C03586022687DA30056754D /* ViewController.swift */ = {isa = PBXFileReference; lastKnownFileType = sourcecode.swift; path = ViewController.swift; sourceTree = "<group>"; };
		4C03586322687DA30056754D /* Base */ = {isa = PBXFileReference; lastKnownFileType = file.storyboard; name = Base; path = Base.lproj/Main.storyboard; sourceTree = "<group>"; };
		4C03586622687DA30056754D /* lab8.xcdatamodel */ = {isa = PBXFileReference; lastKnownFileType = wrapper.xcdatamodel; path = lab8.xcdatamodel; sourceTree = "<group>"; };
		4C03586822687DA30056754D /* Assets.xcassets */ = {isa = PBXFileReference; lastKnownFileType = folder.assetcatalog; path = Assets.xcassets; sourceTree = "<group>"; };
		4C03586B22687DA30056754D /* Base */ = {isa = PBXFileReference; lastKnownFileType = file.storyboard; name = Base; path = Base.lproj/LaunchScreen.storyboard; sourceTree = "<group>"; };
		4C03586D22687DA30056754D /* Info.plist */ = {isa = PBXFileReference; lastKnownFileType = text.plist.xml; path = Info.plist; sourceTree = "<group>"; };
		4C03587222687DA30056754D /* lab8Tests.xctest */ = {isa = PBXFileReference; explicitFileType = wrapper.cfbundle; includeInIndex = 0; path = lab8Tests.xctest; sourceTree = BUILT_PRODUCTS_DIR; };
		4C03587622687DA30056754D /* lab8Tests.swift */ = {isa = PBXFileReference; lastKnownFileType = sourcecode.swift; path = lab8Tests.swift; sourceTree = "<group>"; };
		4C03587822687DA30056754D /* Info.plist */ = {isa = PBXFileReference; lastKnownFileType = text.plist.xml; path = Info.plist; sourceTree = "<group>"; };
		4C03587D22687DA30056754D /* lab8UITests.xctest */ = {isa = PBXFileReference; explicitFileType = wrapper.cfbundle; includeInIndex = 0; path = lab8UITests.xctest; sourceTree = BUILT_PRODUCTS_DIR; };
		4C03588122687DA30056754D /* lab8UITests.swift */ = {isa = PBXFileReference; lastKnownFileType = sourcecode.swift; path = lab8UITests.swift; sourceTree = "<group>"; };
		4C03588322687DA30056754D /* Info.plist */ = {isa = PBXFileReference; lastKnownFileType = text.plist.xml; path = Info.plist; sourceTree = "<group>"; };
/* End PBXFileReference section */

/* Begin PBXFrameworksBuildPhase section */
		4C03585822687DA30056754D /* Frameworks */ = {
			isa = PBXFrameworksBuildPhase;
			buildActionMask = 2147483647;
			files = (
			);
			runOnlyForDeploymentPostprocessing = 0;
		};
		4C03586F22687DA30056754D /* Frameworks */ = {
			isa = PBXFrameworksBuildPhase;
			buildActionMask = 2147483647;
			files = (
			);
			runOnlyForDeploymentPostprocessing = 0;
		};
		4C03587A22687DA30056754D /* Frameworks */ = {
			isa = PBXFrameworksBuildPhase;
			buildActionMask = 2147483647;
			files = (
			);
			runOnlyForDeploymentPostprocessing = 0;
		};
/* End PBXFrameworksBuildPhase section */

/* Begin PBXGroup section */
		4C03585222687DA30056754D = {
			isa = PBXGroup;
			children = (
				4C03585D22687DA30056754D /* lab8 */,
				4C03587522687DA30056754D /* lab8Tests */,
				4C03588022687DA30056754D /* lab8UITests */,
				4C03585C22687DA30056754D /* Products */,
			);
			sourceTree = "<group>";
		};
		4C03585C22687DA30056754D /* Products */ = {
			isa = PBXGroup;
			children = (
				4C03585B22687DA30056754D /* lab8.app */,
				4C03587222687DA30056754D /* lab8Tests.xctest */,
				4C03587D22687DA30056754D /* lab8UITests.xctest */,
			);
			name = Products;
			sourceTree = "<group>";
		};
		4C03585D22687DA30056754D /* lab8 */ = {
			isa = PBXGroup;
			children = (
				4C03585E22687DA30056754D /* AppDelegate.swift */,
				4C03586022687DA30056754D /* ViewController.swift */,
				4C03586222687DA30056754D /* Main.storyboard */,
				4C03586822687DA30056754D /* Assets.xcassets */,
				4C03586A22687DA30056754D /* LaunchScreen.storyboard */,
				4C03586D22687DA30056754D /* Info.plist */,
				4C03586522687DA30056754D /* lab8.xcdatamodeld */,
			);
			path = lab8;
			sourceTree = "<group>";
		};
		4C03587522687DA30056754D /* lab8Tests */ = {
			isa = PBXGroup;
			children = (
				4C03587622687DA30056754D /* lab8Tests.swift */,
				4C03587822687DA30056754D /* Info.plist */,
			);
			path = lab8Tests;
			sourceTree = "<group>";
		};
		4C03588022687DA30056754D /* lab8UITests */ = {
			isa = PBXGroup;
			children = (
				4C03588122687DA30056754D /* lab8UITests.swift */,
				4C03588322687DA30056754D /* Info.plist */,
			);
			path = lab8UITests;
			sourceTree = "<group>";
		};
/* End PBXGroup section */

/* Begin PBXNativeTarget section */
		4C03585A22687DA30056754D /* lab8 */ = {
			isa = PBXNativeTarget;
			buildConfigurationList = 4C03588622687DA30056754D /* Build configuration list for PBXNativeTarget "lab8" */;
			buildPhases = (
				4C03585722687DA30056754D /* Sources */,
				4C03585822687DA30056754D /* Frameworks */,
				4C03585922687DA30056754D /* Resources */,
			);
			buildRules = (
			);
			dependencies = (
			);
			name = lab8;
			productName = lab8;
			productReference = 4C03585B22687DA30056754D /* lab8.app */;
			productType = "com.apple.product-type.application";
		};
		4C03587122687DA30056754D /* lab8Tests */ = {
			isa = PBXNativeTarget;
			buildConfigurationList = 4C03588922687DA30056754D /* Build configuration list for PBXNativeTarget "lab8Tests" */;
			buildPhases = (
				4C03586E22687DA30056754D /* Sources */,
				4C03586F22687DA30056754D /* Frameworks */,
				4C03587022687DA30056754D /* Resources */,
			);
			buildRules = (
			);
			dependencies = (
				4C03587422687DA30056754D /* PBXTargetDependency */,
			);
			name = lab8Tests;
			productName = lab8Tests;
			productReference = 4C03587222687DA30056754D /* lab8Tests.xctest */;
			productType = "com.apple.product-type.bundle.unit-test";
		};
		4C03587C22687DA30056754D /* lab8UITests */ = {
			isa = PBXNativeTarget;
			buildConfigurationList = 4C03588C22687DA30056754D /* Build configuration list for PBXNativeTarget "lab8UITests" */;
			buildPhases = (
				4C03587922687DA30056754D /* Sources */,
				4C03587A22687DA30056754D /* Frameworks */,
				4C03587B22687DA30056754D /* Resources */,
			);
			buildRules = (
			);
			dependencies = (
				4C03587F22687DA30056754D /* PBXTargetDependency */,
			);
			name = lab8UITests;
			productName = lab8UITests;
			productReference = 4C03587D22687DA30056754D /* lab8UITests.xctest */;
			productType = "com.apple.product-type.bundle.ui-testing";
		};
/* End PBXNativeTarget section */

/* Begin PBXProject section */
		4C03585322687DA30056754D /* Project object */ = {
			isa = PBXProject;
			attributes = {
				LastSwiftUpdateCheck = 0920;
				LastUpgradeCheck = 0920;
				ORGANIZATIONNAME = "Akash Bhavsar";
				TargetAttributes = {
					4C03585A22687DA30056754D = {
						CreatedOnToolsVersion = 9.2;
						ProvisioningStyle = Automatic;
					};
					4C03587122687DA30056754D = {
						CreatedOnToolsVersion = 9.2;
						ProvisioningStyle = Automatic;
						TestTargetID = 4C03585A22687DA30056754D;
					};
					4C03587C22687DA30056754D = {
						CreatedOnToolsVersion = 9.2;
						ProvisioningStyle = Automatic;
						TestTargetID = 4C03585A22687DA30056754D;
					};
				};
			};
			buildConfigurationList = 4C03585622687DA30056754D /* Build configuration list for PBXProject "lab8" */;
			compatibilityVersion = "Xcode 8.0";
			developmentRegion = en;
			hasScannedForEncodings = 0;
			knownRegions = (
				en,
				Base,
			);
			mainGroup = 4C03585222687DA30056754D;
			productRefGroup = 4C03585C22687DA30056754D /* Products */;
			projectDirPath = "";
			projectRoot = "";
			targets = (
				4C03585A22687DA30056754D /* lab8 */,
				4C03587122687DA30056754D /* lab8Tests */,
				4C03587C22687DA30056754D /* lab8UITests */,
			);
		};
/* End PBXProject section */

/* Begin PBXResourcesBuildPhase section */
		4C03585922687DA30056754D /* Resources */ = {
			isa = PBXResourcesBuildPhase;
			buildActionMask = 2147483647;
			files = (
				4C03586C22687DA30056754D /* LaunchScreen.storyboard in Resources */,
				4C03586922687DA30056754D /* Assets.xcassets in Resources */,
				4C03586422687DA30056754D /* Main.storyboard in Resources */,
			);
			runOnlyForDeploymentPostprocessing = 0;
		};
		4C03587022687DA30056754D /* Resources */ = {
			isa = PBXResourcesBuildPhase;
			buildActionMask = 2147483647;
			files = (
			);
			runOnlyForDeploymentPostprocessing = 0;
		};
		4C03587B22687DA30056754D /* Resources */ = {
			isa = PBXResourcesBuildPhase;
			buildActionMask = 2147483647;
			files = (
			);
			runOnlyForDeploymentPostprocessing = 0;
		};
/* End PBXResourcesBuildPhase section */

/* Begin PBXSourcesBuildPhase section */
		4C03585722687DA30056754D /* Sources */ = {
			isa = PBXSourcesBuildPhase;
			buildActionMask = 2147483647;
			files = (
				4C03586722687DA30056754D /* lab8.xcdatamodeld in Sources */,
				4C03586122687DA30056754D /* ViewController.swift in Sources */,
				4C03585F22687DA30056754D /* AppDelegate.swift in Sources */,
			);
			runOnlyForDeploymentPostprocessing = 0;
		};
		4C03586E22687DA30056754D /* Sources */ = {
			isa = PBXSourcesBuildPhase;
			buildActionMask = 2147483647;
			files = (
				4C03587722687DA30056754D /* lab8Tests.swift in Sources */,
			);
			runOnlyForDeploymentPostprocessing = 0;
		};
		4C03587922687DA30056754D /* Sources */ = {
			isa = PBXSourcesBuildPhase;
			buildActionMask = 2147483647;
			files = (
				4C03588222687DA30056754D /* lab8UITests.swift in Sources */,
			);
			runOnlyForDeploymentPostprocessing = 0;
		};
/* End PBXSourcesBuildPhase section */

/* Begin PBXTargetDependency section */
		4C03587422687DA30056754D /* PBXTargetDependency */ = {
			isa = PBXTargetDependency;
			target = 4C03585A22687DA30056754D /* lab8 */;
			targetProxy = 4C03587322687DA30056754D /* PBXContainerItemProxy */;
		};
		4C03587F22687DA30056754D /* PBXTargetDependency */ = {
			isa = PBXTargetDependency;
			target = 4C03585A22687DA30056754D /* lab8 */;
			targetProxy = 4C03587E22687DA30056754D /* PBXContainerItemProxy */;
		};
/* End PBXTargetDependency section */

/* Begin PBXVariantGroup section */
		4C03586222687DA30056754D /* Main.storyboard */ = {
			isa = PBXVariantGroup;
			children = (
				4C03586322687DA30056754D /* Base */,
			);
			name = Main.storyboard;
			sourceTree = "<group>";
		};
		4C03586A22687DA30056754D /* LaunchScreen.storyboard */ = {
			isa = PBXVariantGroup;
			children = (
				4C03586B22687DA30056754D /* Base */,
			);
			name = LaunchScreen.storyboard;
			sourceTree = "<group>";
		};
/* End PBXVariantGroup section */

/* Begin XCBuildConfiguration section */
		4C03588422687DA30056754D /* Debug */ = {
			isa = XCBuildConfiguration;
			buildSettings = {
				ALWAYS_SEARCH_USER_PATHS = NO;
				CLANG_ANALYZER_NONNULL = YES;
				CLANG_ANALYZER_NUMBER_OBJECT_CONVERSION = YES_AGGRESSIVE;
				CLANG_CXX_LANGUAGE_STANDARD = "gnu++14";
				CLANG_CXX_LIBRARY = "libc++";
				CLANG_ENABLE_MODULES = YES;
				CLANG_ENABLE_OBJC_ARC = YES;
				CLANG_WARN_BLOCK_CAPTURE_AUTORELEASING = YES;
				CLANG_WARN_BOOL_CONVERSION = YES;
				CLANG_WARN_COMMA = YES;
				CLANG_WARN_CONSTANT_CONVERSION = YES;
				CLANG_WARN_DIRECT_OBJC_ISA_USAGE = YES_ERROR;
				CLANG_WARN_DOCUMENTATION_COMMENTS = YES;
				CLANG_WARN_EMPTY_BODY = YES;
				CLANG_WARN_ENUM_CONVERSION = YES;
				CLANG_WARN_INFINITE_RECURSION = YES;
				CLANG_WARN_INT_CONVERSION = YES;
				CLANG_WARN_NON_LITERAL_NULL_CONVERSION = YES;
				CLANG_WARN_OBJC_LITERAL_CONVERSION = YES;
				CLANG_WARN_OBJC_ROOT_CLASS = YES_ERROR;
				CLANG_WARN_RANGE_LOOP_ANALYSIS = YES;
				CLANG_WARN_STRICT_PROTOTYPES = YES;
				CLANG_WARN_SUSPICIOUS_MOVE = YES;
				CLANG_WARN_UNGUARDED_AVAILABILITY = YES_AGGRESSIVE;
				CLANG_WARN_UNREACHABLE_CODE = YES;
				CLANG_WARN__DUPLICATE_METHOD_MATCH = YES;
				CODE_SIGN_IDENTITY = "iPhone Developer";
				COPY_PHASE_STRIP = NO;
				DEBUG_INFORMATION_FORMAT = dwarf;
				ENABLE_STRICT_OBJC_MSGSEND = YES;
				ENABLE_TESTABILITY = YES;
				GCC_C_LANGUAGE_STANDARD = gnu11;
				GCC_DYNAMIC_NO_PIC = NO;
				GCC_NO_COMMON_BLOCKS = YES;
				GCC_OPTIMIZATION_LEVEL = 0;
				GCC_PREPROCESSOR_DEFINITIONS = (
					"DEBUG=1",
					"$(inherited)",
				);
				GCC_WARN_64_TO_32_BIT_CONVERSION = YES;
				GCC_WARN_ABOUT_RETURN_TYPE = YES_ERROR;
				GCC_WARN_UNDECLARED_SELECTOR = YES;
				GCC_WARN_UNINITIALIZED_AUTOS = YES_AGGRESSIVE;
				GCC_WARN_UNUSED_FUNCTION = YES;
				GCC_WARN_UNUSED_VARIABLE = YES;
				IPHONEOS_DEPLOYMENT_TARGET = 11.2;
				MTL_ENABLE_DEBUG_INFO = YES;
				ONLY_ACTIVE_ARCH = YES;
				SDKROOT = iphoneos;
				SWIFT_ACTIVE_COMPILATION_CONDITIONS = DEBUG;
				SWIFT_OPTIMIZATION_LEVEL = "-Onone";
			};
			name = Debug;
		};
		4C03588522687DA30056754D /* Release */ = {
			isa = XCBuildConfiguration;
			buildSettings = {
				ALWAYS_SEARCH_USER_PATHS = NO;
				CLANG_ANALYZER_NONNULL = YES;
				CLANG_ANALYZER_NUMBER_OBJECT_CONVERSION = YES_AGGRESSIVE;
				CLANG_CXX_LANGUAGE_STANDARD = "gnu++14";
				CLANG_CXX_LIBRARY = "libc++";
				CLANG_ENABLE_MODULES = YES;
				CLANG_ENABLE_OBJC_ARC = YES;
				CLANG_WARN_BLOCK_CAPTURE_AUTORELEASING = YES;
				CLANG_WARN_BOOL_CONVERSION = YES;
				CLANG_WARN_COMMA = YES;
				CLANG_WARN_CONSTANT_CONVERSION = YES;
				CLANG_WARN_DIRECT_OBJC_ISA_USAGE = YES_ERROR;
				CLANG_WARN_DOCUMENTATION_COMMENTS = YES;
				CLANG_WARN_EMPTY_BODY = YES;
				CLANG_WARN_ENUM_CONVERSION = YES;
				CLANG_WARN_INFINITE_RECURSION = YES;
				CLANG_WARN_INT_CONVERSION = YES;
				CLANG_WARN_NON_LITERAL_NULL_CONVERSION = YES;
				CLANG_WARN_OBJC_LITERAL_CONVERSION = YES;
				CLANG_WARN_OBJC_ROOT_CLASS = YES_ERROR;
				CLANG_WARN_RANGE_LOOP_ANALYSIS = YES;
				CLANG_WARN_STRICT_PROTOTYPES = YES;
				CLANG_WARN_SUSPICIOUS_MOVE = YES;
				CLANG_WARN_UNGUARDED_AVAILABILITY = YES_AGGRESSIVE;
				CLANG_WARN_UNREACHABLE_CODE = YES;
				CLANG_WARN__DUPLICATE_METHOD_MATCH = YES;
				CODE_SIGN_IDENTITY = "iPhone Developer";
				COPY_PHASE_STRIP = NO;
				DEBUG_INFORMATION_FORMAT = "dwarf-with-dsym";
				ENABLE_NS_ASSERTIONS = NO;
				ENABLE_STRICT_OBJC_MSGSEND = YES;
				GCC_C_LANGUAGE_STANDARD = gnu11;
				GCC_NO_COMMON_BLOCKS = YES;
				GCC_WARN_64_TO_32_BIT_CONVERSION = YES;
				GCC_WARN_ABOUT_RETURN_TYPE = YES_ERROR;
				GCC_WARN_UNDECLARED_SELECTOR = YES;
				GCC_WARN_UNINITIALIZED_AUTOS = YES_AGGRESSIVE;
				GCC_WARN_UNUSED_FUNCTION = YES;
				GCC_WARN_UNUSED_VARIABLE = YES;
				IPHONEOS_DEPLOYMENT_TARGET = 11.2;
				MTL_ENABLE_DEBUG_INFO = NO;
				SDKROOT = iphoneos;
				SWIFT_OPTIMIZATION_LEVEL = "-Owholemodule";
				VALIDATE_PRODUCT = YES;
			};
			name = Release;
		};
		4C03588722687DA30056754D /* Debug */ = {
			isa = XCBuildConfiguration;
			buildSettings = {
				ASSETCATALOG_COMPILER_APPICON_NAME = AppIcon;
				CODE_SIGN_STYLE = Automatic;
				INFOPLIST_FILE = lab8/Info.plist;
				LD_RUNPATH_SEARCH_PATHS = "$(inherited) @executable_path/Frameworks";
				PRODUCT_BUNDLE_IDENTIFIER = noCompany.lab8;
				PRODUCT_NAME = "$(TARGET_NAME)";
				SWIFT_VERSION = 4.0;
				TARGETED_DEVICE_FAMILY = "1,2";
			};
			name = Debug;
		};
		4C03588822687DA30056754D /* Release */ = {
			isa = XCBuildConfiguration;
			buildSettings = {
				ASSETCATALOG_COMPILER_APPICON_NAME = AppIcon;
				CODE_SIGN_STYLE = Automatic;
				INFOPLIST_FILE = lab8/Info.plist;
				LD_RUNPATH_SEARCH_PATHS = "$(inherited) @executable_path/Frameworks";
				PRODUCT_BUNDLE_IDENTIFIER = noCompany.lab8;
				PRODUCT_NAME = "$(TARGET_NAME)";
				SWIFT_VERSION = 4.0;
				TARGETED_DEVICE_FAMILY = "1,2";
			};
			name = Release;
		};
		4C03588A22687DA30056754D /* Debug */ = {
			isa = XCBuildConfiguration;
			buildSettings = {
				ALWAYS_EMBED_SWIFT_STANDARD_LIBRARIES = YES;
				BUNDLE_LOADER = "$(TEST_HOST)";
				CODE_SIGN_STYLE = Automatic;
				INFOPLIST_FILE = lab8Tests/Info.plist;
				LD_RUNPATH_SEARCH_PATHS = "$(inherited) @executable_path/Frameworks @loader_path/Frameworks";
				PRODUCT_BUNDLE_IDENTIFIER = noCompany.lab8Tests;
				PRODUCT_NAME = "$(TARGET_NAME)";
				SWIFT_VERSION = 4.0;
				TARGETED_DEVICE_FAMILY = "1,2";
				TEST_HOST = "$(BUILT_PRODUCTS_DIR)/lab8.app/lab8";
			};
			name = Debug;
		};
		4C03588B22687DA30056754D /* Release */ = {
			isa = XCBuildConfiguration;
			buildSettings = {
				ALWAYS_EMBED_SWIFT_STANDARD_LIBRARIES = YES;
				BUNDLE_LOADER = "$(TEST_HOST)";
				CODE_SIGN_STYLE = Automatic;
				INFOPLIST_FILE = lab8Tests/Info.plist;
				LD_RUNPATH_SEARCH_PATHS = "$(inherited) @executable_path/Frameworks @loader_path/Frameworks";
				PRODUCT_BUNDLE_IDENTIFIER = noCompany.lab8Tests;
				PRODUCT_NAME = "$(TARGET_NAME)";
				SWIFT_VERSION = 4.0;
				TARGETED_DEVICE_FAMILY = "1,2";
				TEST_HOST = "$(BUILT_PRODUCTS_DIR)/lab8.app/lab8";
			};
			name = Release;
		};
		4C03588D22687DA30056754D /* Debug */ = {
			isa = XCBuildConfiguration;
			buildSettings = {
				ALWAYS_EMBED_SWIFT_STANDARD_LIBRARIES = YES;
				CODE_SIGN_STYLE = Automatic;
				INFOPLIST_FILE = lab8UITests/Info.plist;
				LD_RUNPATH_SEARCH_PATHS = "$(inherited) @executable_path/Frameworks @loader_path/Frameworks";
				PRODUCT_BUNDLE_IDENTIFIER = noCompany.lab8UITests;
				PRODUCT_NAME = "$(TARGET_NAME)";
				SWIFT_VERSION = 4.0;
				TARGETED_DEVICE_FAMILY = "1,2";
				TEST_TARGET_NAME = lab8;
			};
			name = Debug;
		};
		4C03588E22687DA30056754D /* Release */ = {
			isa = XCBuildConfiguration;
			buildSettings = {
				ALWAYS_EMBED_SWIFT_STANDARD_LIBRARIES = YES;
				CODE_SIGN_STYLE = Automatic;
				INFOPLIST_FILE = lab8UITests/Info.plist;
				LD_RUNPATH_SEARCH_PATHS = "$(inherited) @executable_path/Frameworks @loader_path/Frameworks";
				PRODUCT_BUNDLE_IDENTIFIER = noCompany.lab8UITests;
				PRODUCT_NAME = "$(TARGET_NAME)";
				SWIFT_VERSION = 4.0;
				TARGETED_DEVICE_FAMILY = "1,2";
				TEST_TARGET_NAME = lab8;
			};
			name = Release;
		};
/* End XCBuildConfiguration section */

/* Begin XCConfigurationList section */
		4C03585622687DA30056754D /* Build configuration list for PBXProject "lab8" */ = {
			isa = XCConfigurationList;
			buildConfigurations = (
				4C03588422687DA30056754D /* Debug */,
				4C03588522687DA30056754D /* Release */,
			);
			defaultConfigurationIsVisible = 0;
			defaultConfigurationName = Release;
		};
		4C03588622687DA30056754D /* Build configuration list for PBXNativeTarget "lab8" */ = {
			isa = XCConfigurationList;
			buildConfigurations = (
				4C03588722687DA30056754D /* Debug */,
				4C03588822687DA30056754D /* Release */,
			);
			defaultConfigurationIsVisible = 0;
			defaultConfigurationName = Release;
		};
		4C03588922687DA30056754D /* Build configuration list for PBXNativeTarget "lab8Tests" */ = {
			isa = XCConfigurationList;
			buildConfigurations = (
				4C03588A22687DA30056754D /* Debug */,
				4C03588B22687DA30056754D /* Release */,
			);
			defaultConfigurationIsVisible = 0;
			defaultConfigurationName = Release;
		};
		4C03588C22687DA30056754D /* Build configuration list for PBXNativeTarget "lab8UITests" */ = {
			isa = XCConfigurationList;
			buildConfigurations = (
				4C03588D22687DA30056754D /* Debug */,
				4C03588E22687DA30056754D /* Release */,
			);
			defaultConfigurationIsVisible = 0;
			defaultConfigurationName = Release;
		};
/* End XCConfigurationList section */

/* Begin XCVersionGroup section */
		4C03586522687DA30056754D /* lab8.xcdatamodeld */ = {
			isa = XCVersionGroup;
			children = (
				4C03586622687DA30056754D /* lab8.xcdatamodel */,
			);
			currentVersion = 4C03586622687DA30056754D /* lab8.xcdatamodel */;
			path = lab8.xcdatamodeld;
			sourceTree = "<group>";
			versionGroupType = wrapper.xcdatamodel;
		};
/* End XCVersionGroup section */
	};
	rootObject = 4C03585322687DA30056754D /* Project object */;
}
